
Microsoft Visual Studio Solution File, Format Version 12.00
# Visual Studio Version 17
VisualStudioVersion = 17.14.37411.7 d17.14
MinimumVisualStudioVersion = 10.0.40219.1
Project("{FAE04EC0-301F-11D3-BF4B-00C04F79EFBC}") = "RimTalesCore", "RimTalesCore.csproj", "{07641512-6EA9-4C9E-B9F5-06BD6915339C}"
EndProject
Global
	GlobalSection(SolutionConfigurationPlatforms) = preSolution
		Debug|Any CPU = Debug|Any CPU
		Release|Any CPU = Release|Any CPU
	EndGlobalSection
	GlobalSection(ProjectConfigurationPlatforms) = postSolution
		{07641512-6EA9-4C9E-B9F5-06BD6915339C}.Debug|Any CPU.ActiveCfg = Debug|Any CPU
		{07641512-6EA9-4C9E-B9F5-06BD6915339C}.Debug|Any CPU.Build.0 = Debug|Any CPU
		{07641512-6EA9-4C9E-B9F5-06BD6915339C}.Release|Any CPU.ActiveCfg = Release|Any CPU
		{07641512-6EA9-4C9E-B9F5-06BD6915339C}.Release|Any CPU.Build.0 = Release|Any CPU
	EndGlobalSection
	GlobalSection(SolutionProperties) = preSolution
		HideSolutionNode = FALSE
	EndGlobalSection
	GlobalSection(ExtensibilityGlobals) = postSolution
		SolutionGuid = {2A338629-FE58-4AB4-9B90-78E76AE5B32E}
	EndGlobalSection
EndGlobal
